
Microsoft Visual Studio Solution File, Format Version 12.00
# Visual Studio Version 16
VisualStudioVersion = 16.0.29728.190
MinimumVisualStudioVersion = 10.0.40219.1
Project("{FAE04EC0-301F-11D3-BF4B-00C04F79EFBC}") = "MhLabs.AwsCliSso", "MhLabs.AwsCliSso\MhLabs.AwsCliSso.csproj", "{65A535F7-7C11-4BEC-9B6B-0354CFD3D084}"
EndProject
Global
	GlobalSection(SolutionConfigurationPlatforms) = preSolution
		Debug|Any CPU = Debug|Any CPU
		Release|Any CPU = Release|Any CPU
	EndGlobalSection
	GlobalSection(ProjectConfigurationPlatforms) = postSolution
		{65A535F7-7C11-4BEC-9B6B-0354CFD3D084}.Debug|Any CPU.ActiveCfg = Debug|Any CPU
		{65A535F7-7C11-4BEC-9B6B-0354CFD3D084}.Debug|Any CPU.Build.0 = Debug|Any CPU
		{65A535F7-7C11-4BEC-9B6B-0354CFD3D084}.Release|Any CPU.ActiveCfg = Release|Any CPU
		{65A535F7-7C11-4BEC-9B6B-0354CFD3D084}.Release|Any CPU.Build.0 = Release|Any CPU
	EndGlobalSection
	GlobalSection(SolutionProperties) = preSolution
		HideSolutionNode = FALSE
	EndGlobalSection
	GlobalSection(ExtensibilityGlobals) = postSolution
		SolutionGuid = {2D20D9C9-1BE9-45FB-B3F8-B9A9F1937AAB}
	EndGlobalSection
EndGlobal
